{
  "pins" : [
    {
      "identity" : "llama.cpp",
      "kind" : "remoteSourceControl",
      "location" : "https://github.com/ggerganov/llama.cpp",
      "state" : {
        "branch" : "master",
        "revision" : "cfac111e2b3953cdb6b0126e67a2487687646971"
      }
    }
  ],
  "version" : 2
}
