{
  "pins" : [
    {
      "identity" : "llama.cpp",
      "kind" : "remoteSourceControl",
      "location" : "https://github.com/ggerganov/llama.cpp",
      "state" : {
        "branch" : "master",
        "revision" : "72272b83a3878e91251218c981b4c6ec16c33912"
      }
    }
  ],
  "version" : 2
}
